DEPENDENCIES
  chrome
    path: .
    metadata: true
  chrome_test
    path: test/fixtures/cookbooks/chrome_test

GRAPH
  apt (2.7.0)
  chef_handler (1.1.8)
  chrome (1.0.11)
  chrome_test (0.1.0)
    apt (>= 0.0.0)
    chrome (>= 0.0.0)
    dmg (>= 0.0.0)
    windows (>= 0.0.0)
    yum (>= 0.0.0)
  dmg (2.2.2)
  windows (1.37.0)
    chef_handler (>= 0.0.0)
  yum (3.6.0)
